
Microsoft Visual Studio Solution File, Format Version 12.00
# Visual Studio Version 16
VisualStudioVersion = 16.0.31729.503
MinimumVisualStudioVersion = 10.0.40219.1
Project("{2150E333-8FDC-42A3-9474-1A3956D46DE8}") = "src", "src", "{2D17CA21-EC73-429E-A090-054335A8F37E}"
EndProject
Project("{9A19103F-16F7-4668-BE54-9A1E7A4F7556}") = "SNews.API", "src\SNews.API\SNews.API.csproj", "{EC24F649-7EFE-48B3-AE71-1773F0D7E221}"
EndProject
Project("{2150E333-8FDC-42A3-9474-1A3956D46DE8}") = "BusinessLogic", "BusinessLogic", "{B782DB30-03C4-43AB-9433-D756DAF4F52B}"
EndProject
Project("{2150E333-8FDC-42A3-9474-1A3956D46DE8}") = "Models", "Models", "{CCF8F4EE-6A70-4A97-AAE8-06256053DD7F}"
EndProject
Project("{2150E333-8FDC-42A3-9474-1A3956D46DE8}") = "Repositories", "Repositories", "{0A69992B-B9C7-4415-8EEE-717FC030D0B2}"
EndProject
Project("{2150E333-8FDC-42A3-9474-1A3956D46DE8}") = "Resources", "Resources", "{0EC9C65B-E7DB-4884-8B24-1894C5AA8F4C}"
EndProject
Project("{2150E333-8FDC-42A3-9474-1A3956D46DE8}") = "Services", "Services", "{0E99F6B3-70EE-446D-B73B-E1CE5E4AEF0C}"
EndProject
Project("{2150E333-8FDC-42A3-9474-1A3956D46DE8}") = "WebApi", "WebApi", "{1176A9D0-55AA-4467-BBA4-1AF881A41F75}"
EndProject
Project("{9A19103F-16F7-4668-BE54-9A1E7A4F7556}") = "SNews.DependencyInjection", "src\SNews.DependencyInjection\SNews.DependencyInjection.csproj", "{5630BD74-949C-488E-B607-C308665D3574}"
EndProject
Project("{9A19103F-16F7-4668-BE54-9A1E7A4F7556}") = "SNews.BusinessLogic", "src\SNews.BusinessLogic\SNews.BusinessLogic.csproj", "{45FF4077-27BA-4D91-8F4B-05D5820BDA61}"
EndProject
Project("{9A19103F-16F7-4668-BE54-9A1E7A4F7556}") = "SNews.BusinessLogic.Interfaces", "src\SNews.BusinessLogic.Interfaces\SNews.BusinessLogic.Interfaces.csproj", "{28121804-1F86-4B60-ADF0-76CF35B9DB5B}"
EndProject
Project("{9A19103F-16F7-4668-BE54-9A1E7A4F7556}") = "SNews.BusinessModel", "src\SNews.BusinessModel\SNews.BusinessModel.csproj", "{D2C3CE0C-61AB-439A-9492-8C0FD7C7DB84}"
EndProject
Project("{9A19103F-16F7-4668-BE54-9A1E7A4F7556}") = "SNews.Resources", "src\SNews.Resources\SNews.Resources.csproj", "{AD0EEABB-7E5D-41C4-B9F7-ABE82EF26427}"
EndProject
Project("{9A19103F-16F7-4668-BE54-9A1E7A4F7556}") = "SNews.Services", "src\SNews.Services\SNews.Services.csproj", "{C127657E-6726-4ED9-A457-F46AF3593ADA}"
EndProject
Project("{9A19103F-16F7-4668-BE54-9A1E7A4F7556}") = "SNews.Services.Interfaces", "src\SNews.Services.Interfaces\SNews.Services.Interfaces.csproj", "{2363F77D-F21F-4E70-85DC-CA683ABE542B}"
EndProject
Project("{9A19103F-16F7-4668-BE54-9A1E7A4F7556}") = "SNews.DataModel", "src\SNews.DataModel\SNews.DataModel.csproj", "{544C515A-A7EC-4F0E-A228-4AE40982E27B}"
EndProject
Project("{9A19103F-16F7-4668-BE54-9A1E7A4F7556}") = "SNews.Mapper", "src\SNews.Mapper\SNews.Mapper.csproj", "{BEF0F54E-0ED5-4996-AE3F-58D91F88977B}"
EndProject
Global
	GlobalSection(SolutionConfigurationPlatforms) = preSolution
		Debug|Any CPU = Debug|Any CPU
		Release|Any CPU = Release|Any CPU
	EndGlobalSection
	GlobalSection(ProjectConfigurationPlatforms) = postSolution
		{EC24F649-7EFE-48B3-AE71-1773F0D7E221}.Debug|Any CPU.ActiveCfg = Debug|Any CPU
		{EC24F649-7EFE-48B3-AE71-1773F0D7E221}.Debug|Any CPU.Build.0 = Debug|Any CPU
		{EC24F649-7EFE-48B3-AE71-1773F0D7E221}.Release|Any CPU.ActiveCfg = Release|Any CPU
		{EC24F649-7EFE-48B3-AE71-1773F0D7E221}.Release|Any CPU.Build.0 = Release|Any CPU
		{5630BD74-949C-488E-B607-C308665D3574}.Debug|Any CPU.ActiveCfg = Debug|Any CPU
		{5630BD74-949C-488E-B607-C308665D3574}.Debug|Any CPU.Build.0 = Debug|Any CPU
		{5630BD74-949C-488E-B607-C308665D3574}.Release|Any CPU.ActiveCfg = Release|Any CPU
		{5630BD74-949C-488E-B607-C308665D3574}.Release|Any CPU.Build.0 = Release|Any CPU
		{45FF4077-27BA-4D91-8F4B-05D5820BDA61}.Debug|Any CPU.ActiveCfg = Debug|Any CPU
		{45FF4077-27BA-4D91-8F4B-05D5820BDA61}.Debug|Any CPU.Build.0 = Debug|Any CPU
		{45FF4077-27BA-4D91-8F4B-05D5820BDA61}.Release|Any CPU.ActiveCfg = Release|Any CPU
		{45FF4077-27BA-4D91-8F4B-05D5820BDA61}.Release|Any CPU.Build.0 = Release|Any CPU
		{28121804-1F86-4B60-ADF0-76CF35B9DB5B}.Debug|Any CPU.ActiveCfg = Debug|Any CPU
		{28121804-1F86-4B60-ADF0-76CF35B9DB5B}.Debug|Any CPU.Build.0 = Debug|Any CPU
		{28121804-1F86-4B60-ADF0-76CF35B9DB5B}.Release|Any CPU.ActiveCfg = Release|Any CPU
		{28121804-1F86-4B60-ADF0-76CF35B9DB5B}.Release|Any CPU.Build.0 = Release|Any CPU
		{D2C3CE0C-61AB-439A-9492-8C0FD7C7DB84}.Debug|Any CPU.ActiveCfg = Debug|Any CPU
		{D2C3CE0C-61AB-439A-9492-8C0FD7C7DB84}.Debug|Any CPU.Build.0 = Debug|Any CPU
		{D2C3CE0C-61AB-439A-9492-8C0FD7C7DB84}.Release|Any CPU.ActiveCfg = Release|Any CPU
		{D2C3CE0C-61AB-439A-9492-8C0FD7C7DB84}.Release|Any CPU.Build.0 = Release|Any CPU
		{AD0EEABB-7E5D-41C4-B9F7-ABE82EF26427}.Debug|Any CPU.ActiveCfg = Debug|Any CPU
		{AD0EEABB-7E5D-41C4-B9F7-ABE82EF26427}.Debug|Any CPU.Build.0 = Debug|Any CPU
		{AD0EEABB-7E5D-41C4-B9F7-ABE82EF26427}.Release|Any CPU.ActiveCfg = Release|Any CPU
		{AD0EEABB-7E5D-41C4-B9F7-ABE82EF26427}.Release|Any CPU.Build.0 = Release|Any CPU
		{C127657E-6726-4ED9-A457-F46AF3593ADA}.Debug|Any CPU.ActiveCfg = Debug|Any CPU
		{C127657E-6726-4ED9-A457-F46AF3593ADA}.Debug|Any CPU.Build.0 = Debug|Any CPU
		{C127657E-6726-4ED9-A457-F46AF3593ADA}.Release|Any CPU.ActiveCfg = Release|Any CPU
		{C127657E-6726-4ED9-A457-F46AF3593ADA}.Release|Any CPU.Build.0 = Release|Any CPU
		{2363F77D-F21F-4E70-85DC-CA683ABE542B}.Debug|Any CPU.ActiveCfg = Debug|Any CPU
		{2363F77D-F21F-4E70-85DC-CA683ABE542B}.Debug|Any CPU.Build.0 = Debug|Any CPU
		{2363F77D-F21F-4E70-85DC-CA683ABE542B}.Release|Any CPU.ActiveCfg = Release|Any CPU
		{2363F77D-F21F-4E70-85DC-CA683ABE542B}.Release|Any CPU.Build.0 = Release|Any CPU
		{544C515A-A7EC-4F0E-A228-4AE40982E27B}.Debug|Any CPU.ActiveCfg = Debug|Any CPU
		{544C515A-A7EC-4F0E-A228-4AE40982E27B}.Debug|Any CPU.Build.0 = Debug|Any CPU
		{544C515A-A7EC-4F0E-A228-4AE40982E27B}.Release|Any CPU.ActiveCfg = Release|Any CPU
		{544C515A-A7EC-4F0E-A228-4AE40982E27B}.Release|Any CPU.Build.0 = Release|Any CPU
		{BEF0F54E-0ED5-4996-AE3F-58D91F88977B}.Debug|Any CPU.ActiveCfg = Debug|Any CPU
		{BEF0F54E-0ED5-4996-AE3F-58D91F88977B}.Debug|Any CPU.Build.0 = Debug|Any CPU
		{BEF0F54E-0ED5-4996-AE3F-58D91F88977B}.Release|Any CPU.ActiveCfg = Release|Any CPU
		{BEF0F54E-0ED5-4996-AE3F-58D91F88977B}.Release|Any CPU.Build.0 = Release|Any CPU
	EndGlobalSection
	GlobalSection(SolutionProperties) = preSolution
		HideSolutionNode = FALSE
	EndGlobalSection
	GlobalSection(NestedProjects) = preSolution
		{EC24F649-7EFE-48B3-AE71-1773F0D7E221} = {1176A9D0-55AA-4467-BBA4-1AF881A41F75}
		{B782DB30-03C4-43AB-9433-D756DAF4F52B} = {2D17CA21-EC73-429E-A090-054335A8F37E}
		{CCF8F4EE-6A70-4A97-AAE8-06256053DD7F} = {2D17CA21-EC73-429E-A090-054335A8F37E}
		{0A69992B-B9C7-4415-8EEE-717FC030D0B2} = {2D17CA21-EC73-429E-A090-054335A8F37E}
		{0EC9C65B-E7DB-4884-8B24-1894C5AA8F4C} = {2D17CA21-EC73-429E-A090-054335A8F37E}
		{0E99F6B3-70EE-446D-B73B-E1CE5E4AEF0C} = {2D17CA21-EC73-429E-A090-054335A8F37E}
		{1176A9D0-55AA-4467-BBA4-1AF881A41F75} = {2D17CA21-EC73-429E-A090-054335A8F37E}
		{5630BD74-949C-488E-B607-C308665D3574} = {2D17CA21-EC73-429E-A090-054335A8F37E}
		{45FF4077-27BA-4D91-8F4B-05D5820BDA61} = {B782DB30-03C4-43AB-9433-D756DAF4F52B}
		{28121804-1F86-4B60-ADF0-76CF35B9DB5B} = {B782DB30-03C4-43AB-9433-D756DAF4F52B}
		{D2C3CE0C-61AB-439A-9492-8C0FD7C7DB84} = {CCF8F4EE-6A70-4A97-AAE8-06256053DD7F}
		{AD0EEABB-7E5D-41C4-B9F7-ABE82EF26427} = {0EC9C65B-E7DB-4884-8B24-1894C5AA8F4C}
		{C127657E-6726-4ED9-A457-F46AF3593ADA} = {0E99F6B3-70EE-446D-B73B-E1CE5E4AEF0C}
		{2363F77D-F21F-4E70-85DC-CA683ABE542B} = {0E99F6B3-70EE-446D-B73B-E1CE5E4AEF0C}
		{544C515A-A7EC-4F0E-A228-4AE40982E27B} = {CCF8F4EE-6A70-4A97-AAE8-06256053DD7F}
		{BEF0F54E-0ED5-4996-AE3F-58D91F88977B} = {CCF8F4EE-6A70-4A97-AAE8-06256053DD7F}
	EndGlobalSection
	GlobalSection(ExtensibilityGlobals) = postSolution
		SolutionGuid = {D6BEE809-84CA-4046-AC91-525EFF980E94}
	EndGlobalSection
EndGlobal
